
Microsoft Visual Studio Solution File, Format Version 12.00
# Visual Studio Version 17
VisualStudioVersion = 17.0.31903.59
MinimumVisualStudioVersion = 10.0.40219.1
Project("{2150E333-8FDC-42A3-9474-1A3956D46DE8}") = "src", "src", "{A708931B-568A-4975-BF75-854A434B90EB}"
EndProject
Project("{FAE04EC0-301F-11D3-BF4B-00C04F79EFBC}") = "Winknow.AdminUI", "src\Winknow.AdminUI\Winknow.AdminUI.csproj", "{A75AE182-1AF4-40FF-AFF9-CCCEC5A2CADA}"
EndProject
Project("{FAE04EC0-301F-11D3-BF4B-00C04F79EFBC}") = "Winknow.ControlService", "src\Winknow.ControlService\Winknow.ControlService.csproj", "{9BE2B139-00D2-4F38-B5FF-6E3F2719AC2B}"
EndProject
Project("{FAE04EC0-301F-11D3-BF4B-00C04F79EFBC}") = "Winknow.Core", "src\Winknow.Core\Winknow.Core.csproj", "{CA45C48A-5786-4D6C-915D-1997273D0D81}"
EndProject
Project("{FAE04EC0-301F-11D3-BF4B-00C04F79EFBC}") = "Winknow.DeviceSecurity", "src\Winknow.DeviceSecurity\Winknow.DeviceSecurity.csproj", "{30423F68-7E31-465B-963A-12481698BD6E}"
EndProject
Project("{FAE04EC0-301F-11D3-BF4B-00C04F79EFBC}") = "Winknow.GuardService", "src\Winknow.GuardService\Winknow.GuardService.csproj", "{CE7E1CD2-BD8D-4AF9-B9C8-EB08E5E5A5C2}"
EndProject
Project("{FAE04EC0-301F-11D3-BF4B-00C04F79EFBC}") = "Winknow.Ipc", "src\Winknow.Ipc\Winknow.Ipc.csproj", "{6434D45B-72DF-43E9-9BCD-A68AD50271FB}"
EndProject
Project("{FAE04EC0-301F-11D3-BF4B-00C04F79EFBC}") = "Winknow.Logging", "src\Winknow.Logging\Winknow.Logging.csproj", "{315F803D-26A0-49B5-8E97-3C50687AECA5}"
EndProject
Project("{FAE04EC0-301F-11D3-BF4B-00C04F79EFBC}") = "Winknow.Network", "src\Winknow.Network\Winknow.Network.csproj", "{A0425877-C58D-4D67-94B4-EADC8A1397E0}"
EndProject
Project("{FAE04EC0-301F-11D3-BF4B-00C04F79EFBC}") = "Winknow.Policy", "src\Winknow.Policy\Winknow.Policy.csproj", "{D900D7A0-B3B4-4CE3-A074-6453B02E60B8}"
EndProject
Project("{FAE04EC0-301F-11D3-BF4B-00C04F79EFBC}") = "Winknow.ProcessControl", "src\Winknow.ProcessControl\Winknow.ProcessControl.csproj", "{9ACFDABB-37E6-4D9D-9A60-60FA6D488244}"
EndProject
Project("{FAE04EC0-301F-11D3-BF4B-00C04F79EFBC}") = "Winknow.RecoveryTool", "src\Winknow.RecoveryTool\Winknow.RecoveryTool.csproj", "{2F53914F-EF80-437C-A580-7BCF2C3B107C}"
EndProject
Project("{FAE04EC0-301F-11D3-BF4B-00C04F79EFBC}") = "Winknow.Security", "src\Winknow.Security\Winknow.Security.csproj", "{4F3FC379-1A39-4101-8E56-4B411EB17E9C}"
EndProject
Project("{FAE04EC0-301F-11D3-BF4B-00C04F79EFBC}") = "Winknow.SessionAgent", "src\Winknow.SessionAgent\Winknow.SessionAgent.csproj", "{4734614B-ED65-4F4C-9E0F-53F5EA9F8E96}"
EndProject
Project("{FAE04EC0-301F-11D3-BF4B-00C04F79EFBC}") = "Winknow.TrustedUpdater", "src\Winknow.TrustedUpdater\Winknow.TrustedUpdater.csproj", "{FD4CADB3-0081-4EA8-8572-340D245253D5}"
EndProject
Project("{2150E333-8FDC-42A3-9474-1A3956D46DE8}") = "tests", "tests", "{9A29BD35-87CA-42FA-BA0E-08B19F769A65}"
EndProject
Project("{2150E333-8FDC-42A3-9474-1A3956D46DE8}") = "UnitTests", "UnitTests", "{A7DE89CE-CFBA-445B-A4BB-91C227AA09D5}"
EndProject
Project("{FAE04EC0-301F-11D3-BF4B-00C04F79EFBC}") = "Winknow.Core.Tests", "tests\UnitTests\Winknow.Core.Tests\Winknow.Core.Tests.csproj", "{EAC66776-C52B-472A-8EFB-F93078392257}"
EndProject
Project("{FAE04EC0-301F-11D3-BF4B-00C04F79EFBC}") = "Winknow.Architecture.Tests", "tests\UnitTests\Winknow.Architecture.Tests\Winknow.Architecture.Tests.csproj", "{F36A8E65-E1B2-4454-AFFB-F9B8541D1DBD}"
EndProject
Project("{FAE04EC0-301F-11D3-BF4B-00C04F79EFBC}") = "Winknow.Ipc.Tests", "tests\UnitTests\Winknow.Ipc.Tests\Winknow.Ipc.Tests.csproj", "{D9688CD2-9987-4034-9883-998E7AF5ACA9}"
EndProject
Project("{FAE04EC0-301F-11D3-BF4B-00C04F79EFBC}") = "Winknow.ProcessControl.Tests", "tests\UnitTests\Winknow.ProcessControl.Tests\Winknow.ProcessControl.Tests.csproj", "{300ED6B4-181E-4BBA-BD16-850923B760A3}"
EndProject
Project("{FAE04EC0-301F-11D3-BF4B-00C04F79EFBC}") = "Winknow.Policy.Tests", "tests\UnitTests\Winknow.Policy.Tests\Winknow.Policy.Tests.csproj", "{49228DAC-E522-433B-91B3-2BD13E468354}"
EndProject
Project("{FAE04EC0-301F-11D3-BF4B-00C04F79EFBC}") = "Winknow.Security.Tests", "tests\UnitTests\Winknow.Security.Tests\Winknow.Security.Tests.csproj", "{2C1F9176-C101-49C0-9C53-32C0F889A5B6}"
EndProject
Project("{FAE04EC0-301F-11D3-BF4B-00C04F79EFBC}") = "Winknow.TrustedUpdater.Tests", "tests\UnitTests\Winknow.TrustedUpdater.Tests\Winknow.TrustedUpdater.Tests.csproj", "{BC79103C-9688-4D3C-8467-9273A7ED371D}"
EndProject
Project("{FAE04EC0-301F-11D3-BF4B-00C04F79EFBC}") = "Winknow.Network.Tests", "tests\UnitTests\Winknow.Network.Tests\Winknow.Network.Tests.csproj", "{F14082C8-8558-413D-A04F-E2ECFB7DE1EE}"
EndProject
Project("{2150E333-8FDC-42A3-9474-1A3956D46DE8}") = "UnitTests", "UnitTests", "{01E270BD-714B-497A-B32E-44401C07C585}"
EndProject
Project("{FAE04EC0-301F-11D3-BF4B-00C04F79EFBC}") = "Winknow.Guard.Tests", "tests\UnitTests\Winknow.Guard.Tests\Winknow.Guard.Tests.csproj", "{CC441A3E-B0D8-4ED5-9ED3-DB63E565D556}"
EndProject
Global
	GlobalSection(SolutionConfigurationPlatforms) = preSolution
		Debug|Any CPU = Debug|Any CPU
		Release|Any CPU = Release|Any CPU
	EndGlobalSection
	GlobalSection(SolutionProperties) = preSolution
		HideSolutionNode = FALSE
	EndGlobalSection
	GlobalSection(ProjectConfigurationPlatforms) = postSolution
		{A75AE182-1AF4-40FF-AFF9-CCCEC5A2CADA}.Debug|Any CPU.ActiveCfg = Debug|Any CPU
		{A75AE182-1AF4-40FF-AFF9-CCCEC5A2CADA}.Debug|Any CPU.Build.0 = Debug|Any CPU
		{A75AE182-1AF4-40FF-AFF9-CCCEC5A2CADA}.Release|Any CPU.ActiveCfg = Release|Any CPU
		{A75AE182-1AF4-40FF-AFF9-CCCEC5A2CADA}.Release|Any CPU.Build.0 = Release|Any CPU
		{9BE2B139-00D2-4F38-B5FF-6E3F2719AC2B}.Debug|Any CPU.ActiveCfg = Debug|Any CPU
		{9BE2B139-00D2-4F38-B5FF-6E3F2719AC2B}.Debug|Any CPU.Build.0 = Debug|Any CPU
		{9BE2B139-00D2-4F38-B5FF-6E3F2719AC2B}.Release|Any CPU.ActiveCfg = Release|Any CPU
		{9BE2B139-00D2-4F38-B5FF-6E3F2719AC2B}.Release|Any CPU.Build.0 = Release|Any CPU
		{CA45C48A-5786-4D6C-915D-1997273D0D81}.Debug|Any CPU.ActiveCfg = Debug|Any CPU
		{CA45C48A-5786-4D6C-915D-1997273D0D81}.Debug|Any CPU.Build.0 = Debug|Any CPU
		{CA45C48A-5786-4D6C-915D-1997273D0D81}.Release|Any CPU.ActiveCfg = Release|Any CPU
		{CA45C48A-5786-4D6C-915D-1997273D0D81}.Release|Any CPU.Build.0 = Release|Any CPU
		{30423F68-7E31-465B-963A-12481698BD6E}.Debug|Any CPU.ActiveCfg = Debug|Any CPU
		{30423F68-7E31-465B-963A-12481698BD6E}.Debug|Any CPU.Build.0 = Debug|Any CPU
		{30423F68-7E31-465B-963A-12481698BD6E}.Release|Any CPU.ActiveCfg = Release|Any CPU
		{30423F68-7E31-465B-963A-12481698BD6E}.Release|Any CPU.Build.0 = Release|Any CPU
		{CE7E1CD2-BD8D-4AF9-B9C8-EB08E5E5A5C2}.Debug|Any CPU.ActiveCfg = Debug|Any CPU
		{CE7E1CD2-BD8D-4AF9-B9C8-EB08E5E5A5C2}.Debug|Any CPU.Build.0 = Debug|Any CPU
		{CE7E1CD2-BD8D-4AF9-B9C8-EB08E5E5A5C2}.Release|Any CPU.ActiveCfg = Release|Any CPU
		{CE7E1CD2-BD8D-4AF9-B9C8-EB08E5E5A5C2}.Release|Any CPU.Build.0 = Release|Any CPU
		{6434D45B-72DF-43E9-9BCD-A68AD50271FB}.Debug|Any CPU.ActiveCfg = Debug|Any CPU
		{6434D45B-72DF-43E9-9BCD-A68AD50271FB}.Debug|Any CPU.Build.0 = Debug|Any CPU
		{6434D45B-72DF-43E9-9BCD-A68AD50271FB}.Release|Any CPU.ActiveCfg = Release|Any CPU
		{6434D45B-72DF-43E9-9BCD-A68AD50271FB}.Release|Any CPU.Build.0 = Release|Any CPU
		{315F803D-26A0-49B5-8E97-3C50687AECA5}.Debug|Any CPU.ActiveCfg = Debug|Any CPU
		{315F803D-26A0-49B5-8E97-3C50687AECA5}.Debug|Any CPU.Build.0 = Debug|Any CPU
		{315F803D-26A0-49B5-8E97-3C50687AECA5}.Release|Any CPU.ActiveCfg = Release|Any CPU
		{315F803D-26A0-49B5-8E97-3C50687AECA5}.Release|Any CPU.Build.0 = Release|Any CPU
		{A0425877-C58D-4D67-94B4-EADC8A1397E0}.Debug|Any CPU.ActiveCfg = Debug|Any CPU
		{A0425877-C58D-4D67-94B4-EADC8A1397E0}.Debug|Any CPU.Build.0 = Debug|Any CPU
		{A0425877-C58D-4D67-94B4-EADC8A1397E0}.Release|Any CPU.ActiveCfg = Release|Any CPU
		{A0425877-C58D-4D67-94B4-EADC8A1397E0}.Release|Any CPU.Build.0 = Release|Any CPU
		{D900D7A0-B3B4-4CE3-A074-6453B02E60B8}.Debug|Any CPU.ActiveCfg = Debug|Any CPU
		{D900D7A0-B3B4-4CE3-A074-6453B02E60B8}.Debug|Any CPU.Build.0 = Debug|Any CPU
		{D900D7A0-B3B4-4CE3-A074-6453B02E60B8}.Release|Any CPU.ActiveCfg = Release|Any CPU
		{D900D7A0-B3B4-4CE3-A074-6453B02E60B8}.Release|Any CPU.Build.0 = Release|Any CPU
		{9ACFDABB-37E6-4D9D-9A60-60FA6D488244}.Debug|Any CPU.ActiveCfg = Debug|Any CPU
		{9ACFDABB-37E6-4D9D-9A60-60FA6D488244}.Debug|Any CPU.Build.0 = Debug|Any CPU
		{9ACFDABB-37E6-4D9D-9A60-60FA6D488244}.Release|Any CPU.ActiveCfg = Release|Any CPU
		{9ACFDABB-37E6-4D9D-9A60-60FA6D488244}.Release|Any CPU.Build.0 = Release|Any CPU
		{2F53914F-EF80-437C-A580-7BCF2C3B107C}.Debug|Any CPU.ActiveCfg = Debug|Any CPU
		{2F53914F-EF80-437C-A580-7BCF2C3B107C}.Debug|Any CPU.Build.0 = Debug|Any CPU
		{2F53914F-EF80-437C-A580-7BCF2C3B107C}.Release|Any CPU.ActiveCfg = Release|Any CPU
		{2F53914F-EF80-437C-A580-7BCF2C3B107C}.Release|Any CPU.Build.0 = Release|Any CPU
		{4F3FC379-1A39-4101-8E56-4B411EB17E9C}.Debug|Any CPU.ActiveCfg = Debug|Any CPU
		{4F3FC379-1A39-4101-8E56-4B411EB17E9C}.Debug|Any CPU.Build.0 = Debug|Any CPU
		{4F3FC379-1A39-4101-8E56-4B411EB17E9C}.Release|Any CPU.ActiveCfg = Release|Any CPU
		{4F3FC379-1A39-4101-8E56-4B411EB17E9C}.Release|Any CPU.Build.0 = Release|Any CPU
		{4734614B-ED65-4F4C-9E0F-53F5EA9F8E96}.Debug|Any CPU.ActiveCfg = Debug|Any CPU
		{4734614B-ED65-4F4C-9E0F-53F5EA9F8E96}.Debug|Any CPU.Build.0 = Debug|Any CPU
		{4734614B-ED65-4F4C-9E0F-53F5EA9F8E96}.Release|Any CPU.ActiveCfg = Release|Any CPU
		{4734614B-ED65-4F4C-9E0F-53F5EA9F8E96}.Release|Any CPU.Build.0 = Release|Any CPU
		{FD4CADB3-0081-4EA8-8572-340D245253D5}.Debug|Any CPU.ActiveCfg = Debug|Any CPU
		{FD4CADB3-0081-4EA8-8572-340D245253D5}.Debug|Any CPU.Build.0 = Debug|Any CPU
		{FD4CADB3-0081-4EA8-8572-340D245253D5}.Release|Any CPU.ActiveCfg = Release|Any CPU
		{FD4CADB3-0081-4EA8-8572-340D245253D5}.Release|Any CPU.Build.0 = Release|Any CPU
		{EAC66776-C52B-472A-8EFB-F93078392257}.Debug|Any CPU.ActiveCfg = Debug|Any CPU
		{EAC66776-C52B-472A-8EFB-F93078392257}.Debug|Any CPU.Build.0 = Debug|Any CPU
		{EAC66776-C52B-472A-8EFB-F93078392257}.Release|Any CPU.ActiveCfg = Release|Any CPU
		{EAC66776-C52B-472A-8EFB-F93078392257}.Release|Any CPU.Build.0 = Release|Any CPU
		{F36A8E65-E1B2-4454-AFFB-F9B8541D1DBD}.Debug|Any CPU.ActiveCfg = Debug|Any CPU
		{F36A8E65-E1B2-4454-AFFB-F9B8541D1DBD}.Debug|Any CPU.Build.0 = Debug|Any CPU
		{F36A8E65-E1B2-4454-AFFB-F9B8541D1DBD}.Release|Any CPU.ActiveCfg = Release|Any CPU
		{F36A8E65-E1B2-4454-AFFB-F9B8541D1DBD}.Release|Any CPU.Build.0 = Release|Any CPU
		{D9688CD2-9987-4034-9883-998E7AF5ACA9}.Debug|Any CPU.ActiveCfg = Debug|Any CPU
		{D9688CD2-9987-4034-9883-998E7AF5ACA9}.Debug|Any CPU.Build.0 = Debug|Any CPU
		{D9688CD2-9987-4034-9883-998E7AF5ACA9}.Release|Any CPU.ActiveCfg = Release|Any CPU
		{D9688CD2-9987-4034-9883-998E7AF5ACA9}.Release|Any CPU.Build.0 = Release|Any CPU
		{300ED6B4-181E-4BBA-BD16-850923B760A3}.Debug|Any CPU.ActiveCfg = Debug|Any CPU
		{300ED6B4-181E-4BBA-BD16-850923B760A3}.Debug|Any CPU.Build.0 = Debug|Any CPU
		{300ED6B4-181E-4BBA-BD16-850923B760A3}.Release|Any CPU.ActiveCfg = Release|Any CPU
		{300ED6B4-181E-4BBA-BD16-850923B760A3}.Release|Any CPU.Build.0 = Release|Any CPU
		{49228DAC-E522-433B-91B3-2BD13E468354}.Debug|Any CPU.ActiveCfg = Debug|Any CPU
		{49228DAC-E522-433B-91B3-2BD13E468354}.Debug|Any CPU.Build.0 = Debug|Any CPU
		{49228DAC-E522-433B-91B3-2BD13E468354}.Release|Any CPU.ActiveCfg = Release|Any CPU
		{49228DAC-E522-433B-91B3-2BD13E468354}.Release|Any CPU.Build.0 = Release|Any CPU
		{2C1F9176-C101-49C0-9C53-32C0F889A5B6}.Debug|Any CPU.ActiveCfg = Debug|Any CPU
		{2C1F9176-C101-49C0-9C53-32C0F889A5B6}.Debug|Any CPU.Build.0 = Debug|Any CPU
		{2C1F9176-C101-49C0-9C53-32C0F889A5B6}.Release|Any CPU.ActiveCfg = Release|Any CPU
		{2C1F9176-C101-49C0-9C53-32C0F889A5B6}.Release|Any CPU.Build.0 = Release|Any CPU
		{BC79103C-9688-4D3C-8467-9273A7ED371D}.Debug|Any CPU.ActiveCfg = Debug|Any CPU
		{BC79103C-9688-4D3C-8467-9273A7ED371D}.Debug|Any CPU.Build.0 = Debug|Any CPU
		{BC79103C-9688-4D3C-8467-9273A7ED371D}.Release|Any CPU.ActiveCfg = Release|Any CPU
		{BC79103C-9688-4D3C-8467-9273A7ED371D}.Release|Any CPU.Build.0 = Release|Any CPU
		{F14082C8-8558-413D-A04F-E2ECFB7DE1EE}.Debug|Any CPU.ActiveCfg = Debug|Any CPU
		{F14082C8-8558-413D-A04F-E2ECFB7DE1EE}.Debug|Any CPU.Build.0 = Debug|Any CPU
		{F14082C8-8558-413D-A04F-E2ECFB7DE1EE}.Release|Any CPU.ActiveCfg = Release|Any CPU
		{F14082C8-8558-413D-A04F-E2ECFB7DE1EE}.Release|Any CPU.Build.0 = Release|Any CPU
		{CC441A3E-B0D8-4ED5-9ED3-DB63E565D556}.Debug|Any CPU.ActiveCfg = Debug|Any CPU
		{CC441A3E-B0D8-4ED5-9ED3-DB63E565D556}.Debug|Any CPU.Build.0 = Debug|Any CPU
		{CC441A3E-B0D8-4ED5-9ED3-DB63E565D556}.Release|Any CPU.ActiveCfg = Release|Any CPU
		{CC441A3E-B0D8-4ED5-9ED3-DB63E565D556}.Release|Any CPU.Build.0 = Release|Any CPU
	EndGlobalSection
	GlobalSection(NestedProjects) = preSolution
		{A75AE182-1AF4-40FF-AFF9-CCCEC5A2CADA} = {A708931B-568A-4975-BF75-854A434B90EB}
		{9BE2B139-00D2-4F38-B5FF-6E3F2719AC2B} = {A708931B-568A-4975-BF75-854A434B90EB}
		{CA45C48A-5786-4D6C-915D-1997273D0D81} = {A708931B-568A-4975-BF75-854A434B90EB}
		{30423F68-7E31-465B-963A-12481698BD6E} = {A708931B-568A-4975-BF75-854A434B90EB}
		{CE7E1CD2-BD8D-4AF9-B9C8-EB08E5E5A5C2} = {A708931B-568A-4975-BF75-854A434B90EB}
		{6434D45B-72DF-43E9-9BCD-A68AD50271FB} = {A708931B-568A-4975-BF75-854A434B90EB}
		{315F803D-26A0-49B5-8E97-3C50687AECA5} = {A708931B-568A-4975-BF75-854A434B90EB}
		{A0425877-C58D-4D67-94B4-EADC8A1397E0} = {A708931B-568A-4975-BF75-854A434B90EB}
		{D900D7A0-B3B4-4CE3-A074-6453B02E60B8} = {A708931B-568A-4975-BF75-854A434B90EB}
		{9ACFDABB-37E6-4D9D-9A60-60FA6D488244} = {A708931B-568A-4975-BF75-854A434B90EB}
		{2F53914F-EF80-437C-A580-7BCF2C3B107C} = {A708931B-568A-4975-BF75-854A434B90EB}
		{4F3FC379-1A39-4101-8E56-4B411EB17E9C} = {A708931B-568A-4975-BF75-854A434B90EB}
		{4734614B-ED65-4F4C-9E0F-53F5EA9F8E96} = {A708931B-568A-4975-BF75-854A434B90EB}
		{FD4CADB3-0081-4EA8-8572-340D245253D5} = {A708931B-568A-4975-BF75-854A434B90EB}
		{A7DE89CE-CFBA-445B-A4BB-91C227AA09D5} = {9A29BD35-87CA-42FA-BA0E-08B19F769A65}
		{EAC66776-C52B-472A-8EFB-F93078392257} = {A7DE89CE-CFBA-445B-A4BB-91C227AA09D5}
		{F36A8E65-E1B2-4454-AFFB-F9B8541D1DBD} = {A7DE89CE-CFBA-445B-A4BB-91C227AA09D5}
		{D9688CD2-9987-4034-9883-998E7AF5ACA9} = {A7DE89CE-CFBA-445B-A4BB-91C227AA09D5}
		{300ED6B4-181E-4BBA-BD16-850923B760A3} = {A7DE89CE-CFBA-445B-A4BB-91C227AA09D5}
		{49228DAC-E522-433B-91B3-2BD13E468354} = {A7DE89CE-CFBA-445B-A4BB-91C227AA09D5}
		{2C1F9176-C101-49C0-9C53-32C0F889A5B6} = {A7DE89CE-CFBA-445B-A4BB-91C227AA09D5}
		{BC79103C-9688-4D3C-8467-9273A7ED371D} = {A7DE89CE-CFBA-445B-A4BB-91C227AA09D5}
		{F14082C8-8558-413D-A04F-E2ECFB7DE1EE} = {A7DE89CE-CFBA-445B-A4BB-91C227AA09D5}
		{CC441A3E-B0D8-4ED5-9ED3-DB63E565D556} = {01E270BD-714B-497A-B32E-44401C07C585}
	EndGlobalSection
EndGlobal
